
Microsoft Visual Studio Solution File, Format Version 12.00
# Visual Studio Version 17
VisualStudioVersion = 17.10.35013.160
MinimumVisualStudioVersion = 10.0.40219.1
Project("{FAE04EC0-301F-11D3-BF4B-00C04F79EFBC}") = "ParamsExample", "ParamsExample.csproj", "{45854E5B-6E75-4CC7-AEC2-C23F41E9080C}"
EndProject
Global
	GlobalSection(SolutionConfigurationPlatforms) = preSolution
		Debug|Any CPU = Debug|Any CPU
		Release|Any CPU = Release|Any CPU
	EndGlobalSection
	GlobalSection(ProjectConfigurationPlatforms) = postSolution
		{45854E5B-6E75-4CC7-AEC2-C23F41E9080C}.Debug|Any CPU.ActiveCfg = Debug|Any CPU
		{45854E5B-6E75-4CC7-AEC2-C23F41E9080C}.Debug|Any CPU.Build.0 = Debug|Any CPU
		{45854E5B-6E75-4CC7-AEC2-C23F41E9080C}.Release|Any CPU.ActiveCfg = Release|Any CPU
		{45854E5B-6E75-4CC7-AEC2-C23F41E9080C}.Release|Any CPU.Build.0 = Release|Any CPU
	EndGlobalSection
	GlobalSection(SolutionProperties) = preSolution
		HideSolutionNode = FALSE
	EndGlobalSection
	GlobalSection(ExtensibilityGlobals) = postSolution
		SolutionGuid = {84F1CC20-BE26-4405-8F94-D9C35DA03592}
	EndGlobalSection
EndGlobal
